
Microsoft Visual Studio Solution File, Format Version 12.00
# Visual Studio Version 17
VisualStudioVersion = 17.6.33829.357
MinimumVisualStudioVersion = 10.0.40219.1
Project("{9A19103F-16F7-4668-BE54-9A1E7A4F7556}") = "ClaviRuntime", "ClaviRuntime\ClaviRuntime.csproj", "{B9AD5965-873F-46F8-814E-8C3B460C6E27}"
EndProject
Project("{9A19103F-16F7-4668-BE54-9A1E7A4F7556}") = "InferenceConsole", "InferenceConsole\InferenceConsole.csproj", "{BCE5E0C8-6E56-4C58-9546-6E09EB80AE60}"
EndProject
Project("{9A19103F-16F7-4668-BE54-9A1E7A4F7556}") = "FaceRecognitionConsole", "FaceRecognitionConsole\FaceRecognitionConsole.csproj", "{3B7875DB-CE4C-497C-82D3-61E993009113}"
EndProject
Project("{9A19103F-16F7-4668-BE54-9A1E7A4F7556}") = "ObjectDetectionConsole", "ObjectDetectionConsole\ObjectDetectionConsole.csproj", "{0572CBF8-1434-4559-AA9F-EC7E4C2822DC}"
EndProject
Project("{FAE04EC0-301F-11D3-BF4B-00C04F79EFBC}") = "Yolov8ConsoleApp", "Yolov8ConsoleApp\Yolov8ConsoleApp.csproj", "{2AB0AD47-E326-46CF-8B08-0608DBD4FA70}"
EndProject
Global
	GlobalSection(SolutionConfigurationPlatforms) = preSolution
		Debug|Any CPU = Debug|Any CPU
		Release|Any CPU = Release|Any CPU
	EndGlobalSection
	GlobalSection(ProjectConfigurationPlatforms) = postSolution
		{B9AD5965-873F-46F8-814E-8C3B460C6E27}.Debug|Any CPU.ActiveCfg = Debug|Any CPU
		{B9AD5965-873F-46F8-814E-8C3B460C6E27}.Debug|Any CPU.Build.0 = Debug|Any CPU
		{B9AD5965-873F-46F8-814E-8C3B460C6E27}.Release|Any CPU.ActiveCfg = Release|Any CPU
		{B9AD5965-873F-46F8-814E-8C3B460C6E27}.Release|Any CPU.Build.0 = Release|Any CPU
		{BCE5E0C8-6E56-4C58-9546-6E09EB80AE60}.Debug|Any CPU.ActiveCfg = Debug|Any CPU
		{BCE5E0C8-6E56-4C58-9546-6E09EB80AE60}.Debug|Any CPU.Build.0 = Debug|Any CPU
		{BCE5E0C8-6E56-4C58-9546-6E09EB80AE60}.Release|Any CPU.ActiveCfg = Release|Any CPU
		{BCE5E0C8-6E56-4C58-9546-6E09EB80AE60}.Release|Any CPU.Build.0 = Release|Any CPU
		{3B7875DB-CE4C-497C-82D3-61E993009113}.Debug|Any CPU.ActiveCfg = Debug|Any CPU
		{3B7875DB-CE4C-497C-82D3-61E993009113}.Debug|Any CPU.Build.0 = Debug|Any CPU
		{3B7875DB-CE4C-497C-82D3-61E993009113}.Release|Any CPU.ActiveCfg = Release|Any CPU
		{3B7875DB-CE4C-497C-82D3-61E993009113}.Release|Any CPU.Build.0 = Release|Any CPU
		{0572CBF8-1434-4559-AA9F-EC7E4C2822DC}.Debug|Any CPU.ActiveCfg = Debug|Any CPU
		{0572CBF8-1434-4559-AA9F-EC7E4C2822DC}.Debug|Any CPU.Build.0 = Debug|Any CPU
		{0572CBF8-1434-4559-AA9F-EC7E4C2822DC}.Release|Any CPU.ActiveCfg = Release|Any CPU
		{0572CBF8-1434-4559-AA9F-EC7E4C2822DC}.Release|Any CPU.Build.0 = Release|Any CPU
		{2AB0AD47-E326-46CF-8B08-0608DBD4FA70}.Debug|Any CPU.ActiveCfg = Debug|Any CPU
		{2AB0AD47-E326-46CF-8B08-0608DBD4FA70}.Debug|Any CPU.Build.0 = Debug|Any CPU
		{2AB0AD47-E326-46CF-8B08-0608DBD4FA70}.Release|Any CPU.ActiveCfg = Release|Any CPU
		{2AB0AD47-E326-46CF-8B08-0608DBD4FA70}.Release|Any CPU.Build.0 = Release|Any CPU
	EndGlobalSection
	GlobalSection(SolutionProperties) = preSolution
		HideSolutionNode = FALSE
	EndGlobalSection
	GlobalSection(ExtensibilityGlobals) = postSolution
		SolutionGuid = {3476364F-D551-4C7D-8EA6-9B55B566F0F8}
	EndGlobalSection
EndGlobal
